// !$*UTF8*$!
{
	archiveVersion = 1;
	classes = {
	};
	objectVersion = 46;
	objects = {

/* Begin PBXBuildFile section */
		E593CE6F1DF8FC3C00D7265D /* AppDelegate.swift in Sources */ = {isa = PBXBuildFile; fileRef = E593CE6E1DF8FC3C00D7265D /* AppDelegate.swift */; };
		E593CE711DF8FC3C00D7265D /* ViewController.swift in Sources */ = {isa = PBXBuildFile; fileRef = E593CE701DF8FC3C00D7265D /* ViewController.swift */; };
		E593CE741DF8FC3C00D7265D /* Main.storyboard in Resources */ = {isa = PBXBuildFile; fileRef = E593CE721DF8FC3C00D7265D /* Main.storyboard */; };
		E593CE761DF8FC3C00D7265D /* Assets.xcassets in Resources */ = {isa = PBXBuildFile; fileRef = E593CE751DF8FC3C00D7265D /* Assets.xcassets */; };
		E593CE791DF8FC3C00D7265D /* LaunchScreen.storyboard in Resources */ = {isa = PBXBuildFile; fileRef = E593CE771DF8FC3C00D7265D /* LaunchScreen.storyboard */; };
		E593CE9C1DF905AF00D7265D /* PacketTunnelProvider.swift in Sources */ = {isa = PBXBuildFile; fileRef = E593CE9B1DF905AF00D7265D /* PacketTunnelProvider.swift */; };
		E593CEA01DF905AF00D7265D /* NEPacketTunnelVPNDemoTunnel.appex in Embed App Extensions */ = {isa = PBXBuildFile; fileRef = E593CE971DF905AF00D7265D /* NEPacketTunnelVPNDemoTunnel.appex */; settings = {ATTRIBUTES = (RemoveHeadersOnCopy, ); }; };
/* End PBXBuildFile section */

/* Begin PBXContainerItemProxy section */
		E593CE9E1DF905AF00D7265D /* PBXContainerItemProxy */ = {
			isa = PBXContainerItemProxy;
			containerPortal = E593CE631DF8FC3C00D7265D /* Project object */;
			proxyType = 1;
			remoteGlobalIDString = E593CE961DF905AF00D7265D;
			remoteInfo = NEPacketTunnelVPNDemoTunnel;
		};
/* End PBXContainerItemProxy section */

/* Begin PBXCopyFilesBuildPhase section */
		E593CEA41DF905B000D7265D /* Embed App Extensions */ = {
			isa = PBXCopyFilesBuildPhase;
			buildActionMask = 2147483647;
			dstPath = "";
			dstSubfolderSpec = 13;
			files = (
				E593CEA01DF905AF00D7265D /* NEPacketTunnelVPNDemoTunnel.appex in Embed App Extensions */,
			);
			name = "Embed App Extensions";
			runOnlyForDeploymentPostprocessing = 0;
		};
/* End PBXCopyFilesBuildPhase section */

/* Begin PBXFileReference section */
		E593CE6B1DF8FC3C00D7265D /* NEPacketTunnelVPNDemo.app */ = {isa = PBXFileReference; explicitFileType = wrapper.application; includeInIndex = 0; path = NEPacketTunnelVPNDemo.app; sourceTree = BUILT_PRODUCTS_DIR; };
		E593CE6E1DF8FC3C00D7265D /* AppDelegate.swift */ = {isa = PBXFileReference; lastKnownFileType = sourcecode.swift; path = AppDelegate.swift; sourceTree = "<group>"; };
		E593CE701DF8FC3C00D7265D /* ViewController.swift */ = {isa = PBXFileReference; lastKnownFileType = sourcecode.swift; path = ViewController.swift; sourceTree = "<group>"; };
		E593CE731DF8FC3C00D7265D /* Base */ = {isa = PBXFileReference; lastKnownFileType = file.storyboard; name = Base; path = Base.lproj/Main.storyboard; sourceTree = "<group>"; };
		E593CE751DF8FC3C00D7265D /* Assets.xcassets */ = {isa = PBXFileReference; lastKnownFileType = folder.assetcatalog; path = Assets.xcassets; sourceTree = "<group>"; };
		E593CE781DF8FC3C00D7265D /* Base */ = {isa = PBXFileReference; lastKnownFileType = file.storyboard; name = Base; path = Base.lproj/LaunchScreen.storyboard; sourceTree = "<group>"; };
		E593CE7A1DF8FC3C00D7265D /* Info.plist */ = {isa = PBXFileReference; lastKnownFileType = text.plist.xml; path = Info.plist; sourceTree = "<group>"; };
		E593CE971DF905AF00D7265D /* NEPacketTunnelVPNDemoTunnel.appex */ = {isa = PBXFileReference; explicitFileType = "wrapper.app-extension"; includeInIndex = 0; path = NEPacketTunnelVPNDemoTunnel.appex; sourceTree = BUILT_PRODUCTS_DIR; };
		E593CE9A1DF905AF00D7265D /* NEPacketTunnelVPNDemoTunnel.entitlements */ = {isa = PBXFileReference; lastKnownFileType = text.plist.entitlements; path = NEPacketTunnelVPNDemoTunnel.entitlements; sourceTree = "<group>"; };
		E593CE9B1DF905AF00D7265D /* PacketTunnelProvider.swift */ = {isa = PBXFileReference; lastKnownFileType = sourcecode.swift; path = PacketTunnelProvider.swift; sourceTree = "<group>"; };
		E593CE9D1DF905AF00D7265D /* Info.plist */ = {isa = PBXFileReference; lastKnownFileType = text.plist.xml; path = Info.plist; sourceTree = "<group>"; };
/* End PBXFileReference section */

/* Begin PBXFrameworksBuildPhase section */
		E593CE681DF8FC3C00D7265D /* Frameworks */ = {
			isa = PBXFrameworksBuildPhase;
			buildActionMask = 2147483647;
			files = (
			);
			runOnlyForDeploymentPostprocessing = 0;
		};
		E593CE941DF905AF00D7265D /* Frameworks */ = {
			isa = PBXFrameworksBuildPhase;
			buildActionMask = 2147483647;
			files = (
			);
			runOnlyForDeploymentPostprocessing = 0;
		};
/* End PBXFrameworksBuildPhase section */

/* Begin PBXGroup section */
		E593CE621DF8FC3C00D7265D = {
			isa = PBXGroup;
			children = (
				E593CE6D1DF8FC3C00D7265D /* NEPacketTunnelVPNDemo */,
				E593CE981DF905AF00D7265D /* NEPacketTunnelVPNDemoTunnel */,
				E593CE6C1DF8FC3C00D7265D /* Products */,
			);
			sourceTree = "<group>";
		};
		E593CE6C1DF8FC3C00D7265D /* Products */ = {
			isa = PBXGroup;
			children = (
				E593CE6B1DF8FC3C00D7265D /* NEPacketTunnelVPNDemo.app */,
				E593CE971DF905AF00D7265D /* NEPacketTunnelVPNDemoTunnel.appex */,
			);
			name = Products;
			sourceTree = "<group>";
		};
		E593CE6D1DF8FC3C00D7265D /* NEPacketTunnelVPNDemo */ = {
			isa = PBXGroup;
			children = (
				E593CE6E1DF8FC3C00D7265D /* AppDelegate.swift */,
				E593CE701DF8FC3C00D7265D /* ViewController.swift */,
				E593CE721DF8FC3C00D7265D /* Main.storyboard */,
				E593CE751DF8FC3C00D7265D /* Assets.xcassets */,
				E593CE771DF8FC3C00D7265D /* LaunchScreen.storyboard */,
				E593CE7A1DF8FC3C00D7265D /* Info.plist */,
			);
			path = NEPacketTunnelVPNDemo;
			sourceTree = "<group>";
		};
		E593CE981DF905AF00D7265D /* NEPacketTunnelVPNDemoTunnel */ = {
			isa = PBXGroup;
			children = (
				E593CE9B1DF905AF00D7265D /* PacketTunnelProvider.swift */,
				E593CE9D1DF905AF00D7265D /* Info.plist */,
				E593CE991DF905AF00D7265D /* Supporting Files */,
			);
			path = NEPacketTunnelVPNDemoTunnel;
			sourceTree = "<group>";
		};
		E593CE991DF905AF00D7265D /* Supporting Files */ = {
			isa = PBXGroup;
			children = (
				E593CE9A1DF905AF00D7265D /* NEPacketTunnelVPNDemoTunnel.entitlements */,
			);
			name = "Supporting Files";
			sourceTree = "<group>";
		};
/* End PBXGroup section */

/* Begin PBXNativeTarget section */
		E593CE6A1DF8FC3C00D7265D /* NEPacketTunnelVPNDemo */ = {
			isa = PBXNativeTarget;
			buildConfigurationList = E593CE7D1DF8FC3C00D7265D /* Build configuration list for PBXNativeTarget "NEPacketTunnelVPNDemo" */;
			buildPhases = (
				E593CE671DF8FC3C00D7265D /* Sources */,
				E593CE681DF8FC3C00D7265D /* Frameworks */,
				E593CE691DF8FC3C00D7265D /* Resources */,
				E593CEA41DF905B000D7265D /* Embed App Extensions */,
			);
			buildRules = (
			);
			dependencies = (
				E593CE9F1DF905AF00D7265D /* PBXTargetDependency */,
			);
			name = NEPacketTunnelVPNDemo;
			productName = NEPacketTunnelVPNDemo;
			productReference = E593CE6B1DF8FC3C00D7265D /* NEPacketTunnelVPNDemo.app */;
			productType = "com.apple.product-type.application";
		};
		E593CE961DF905AF00D7265D /* NEPacketTunnelVPNDemoTunnel */ = {
			isa = PBXNativeTarget;
			buildConfigurationList = E593CEA31DF905AF00D7265D /* Build configuration list for PBXNativeTarget "NEPacketTunnelVPNDemoTunnel" */;
			buildPhases = (
				E593CE931DF905AF00D7265D /* Sources */,
				E593CE941DF905AF00D7265D /* Frameworks */,
				E593CE951DF905AF00D7265D /* Resources */,
			);
			buildRules = (
			);
			dependencies = (
			);
			name = NEPacketTunnelVPNDemoTunnel;
			productName = NEPacketTunnelVPNDemoTunnel;
			productReference = E593CE971DF905AF00D7265D /* NEPacketTunnelVPNDemoTunnel.appex */;
			productType = "com.apple.product-type.app-extension";
		};
/* End PBXNativeTarget section */

/* Begin PBXProject section */
		E593CE631DF8FC3C00D7265D /* Project object */ = {
			isa = PBXProject;
			attributes = {
				LastSwiftUpdateCheck = 0810;
				LastUpgradeCheck = 0810;
				ORGANIZATIONNAME = lxd;
				TargetAttributes = {
					E593CE6A1DF8FC3C00D7265D = {
						CreatedOnToolsVersion = 8.1;
						ProvisioningStyle = Manual;
					};
					E593CE961DF905AF00D7265D = {
						CreatedOnToolsVersion = 8.1;
						ProvisioningStyle = Manual;
					};
				};
			};
			buildConfigurationList = E593CE661DF8FC3C00D7265D /* Build configuration list for PBXProject "NEPacketTunnelVPNDemo" */;
			compatibilityVersion = "Xcode 3.2";
			developmentRegion = English;
			hasScannedForEncodings = 0;
			knownRegions = (
				en,
				Base,
			);
			mainGroup = E593CE621DF8FC3C00D7265D;
			productRefGroup = E593CE6C1DF8FC3C00D7265D /* Products */;
			projectDirPath = "";
			projectRoot = "";
			targets = (
				E593CE6A1DF8FC3C00D7265D /* NEPacketTunnelVPNDemo */,
				E593CE961DF905AF00D7265D /* NEPacketTunnelVPNDemoTunnel */,
			);
		};
/* End PBXProject section */

/* Begin PBXResourcesBuildPhase section */
		E593CE691DF8FC3C00D7265D /* Resources */ = {
			isa = PBXResourcesBuildPhase;
			buildActionMask = 2147483647;
			files = (
				E593CE791DF8FC3C00D7265D /* LaunchScreen.storyboard in Resources */,
				E593CE761DF8FC3C00D7265D /* Assets.xcassets in Resources */,
				E593CE741DF8FC3C00D7265D /* Main.storyboard in Resources */,
			);
			runOnlyForDeploymentPostprocessing = 0;
		};
		E593CE951DF905AF00D7265D /* Resources */ = {
			isa = PBXResourcesBuildPhase;
			buildActionMask = 2147483647;
			files = (
			);
			runOnlyForDeploymentPostprocessing = 0;
		};
/* End PBXResourcesBuildPhase section */

/* Begin PBXSourcesBuildPhase section */
		E593CE671DF8FC3C00D7265D /* Sources */ = {
			isa = PBXSourcesBuildPhase;
			buildActionMask = 2147483647;
			files = (
				E593CE711DF8FC3C00D7265D /* ViewController.swift in Sources */,
				E593CE6F1DF8FC3C00D7265D /* AppDelegate.swift in Sources */,
			);
			runOnlyForDeploymentPostprocessing = 0;
		};
		E593CE931DF905AF00D7265D /* Sources */ = {
			isa = PBXSourcesBuildPhase;
			buildActionMask = 2147483647;
			files = (
				E593CE9C1DF905AF00D7265D /* PacketTunnelProvider.swift in Sources */,
			);
			runOnlyForDeploymentPostprocessing = 0;
		};
/* End PBXSourcesBuildPhase section */

/* Begin PBXTargetDependency section */
		E593CE9F1DF905AF00D7265D /* PBXTargetDependency */ = {
			isa = PBXTargetDependency;
			target = E593CE961DF905AF00D7265D /* NEPacketTunnelVPNDemoTunnel */;
			targetProxy = E593CE9E1DF905AF00D7265D /* PBXContainerItemProxy */;
		};
/* End PBXTargetDependency section */

/* Begin PBXVariantGroup section */
		E593CE721DF8FC3C00D7265D /* Main.storyboard */ = {
			isa = PBXVariantGroup;
			children = (
				E593CE731DF8FC3C00D7265D /* Base */,
			);
			name = Main.storyboard;
			sourceTree = "<group>";
		};
		E593CE771DF8FC3C00D7265D /* LaunchScreen.storyboard */ = {
			isa = PBXVariantGroup;
			children = (
				E593CE781DF8FC3C00D7265D /* Base */,
			);
			name = LaunchScreen.storyboard;
			sourceTree = "<group>";
		};
/* End PBXVariantGroup section */

/* Begin XCBuildConfiguration section */
		E593CE7B1DF8FC3C00D7265D /* Debug */ = {
			isa = XCBuildConfiguration;
			buildSettings = {
				ALWAYS_SEARCH_USER_PATHS = NO;
				CLANG_ANALYZER_NONNULL = YES;
				CLANG_CXX_LANGUAGE_STANDARD = "gnu++0x";
				CLANG_CXX_LIBRARY = "libc++";
				CLANG_ENABLE_MODULES = YES;
				CLANG_ENABLE_OBJC_ARC = YES;
				CLANG_WARN_BOOL_CONVERSION = YES;
				CLANG_WARN_CONSTANT_CONVERSION = YES;
				CLANG_WARN_DIRECT_OBJC_ISA_USAGE = YES_ERROR;
				CLANG_WARN_DOCUMENTATION_COMMENTS = YES;
				CLANG_WARN_EMPTY_BODY = YES;
				CLANG_WARN_ENUM_CONVERSION = YES;
				CLANG_WARN_INFINITE_RECURSION = YES;
				CLANG_WARN_INT_CONVERSION = YES;
				CLANG_WARN_OBJC_ROOT_CLASS = YES_ERROR;
				CLANG_WARN_SUSPICIOUS_MOVES = YES;
				CLANG_WARN_UNREACHABLE_CODE = YES;
				CLANG_WARN__DUPLICATE_METHOD_MATCH = YES;
				"CODE_SIGN_IDENTITY[sdk=iphoneos*]" = "iPhone Developer";
				COPY_PHASE_STRIP = NO;
				DEBUG_INFORMATION_FORMAT = dwarf;
				ENABLE_STRICT_OBJC_MSGSEND = YES;
				ENABLE_TESTABILITY = YES;
				GCC_C_LANGUAGE_STANDARD = gnu99;
				GCC_DYNAMIC_NO_PIC = NO;
				GCC_NO_COMMON_BLOCKS = YES;
				GCC_OPTIMIZATION_LEVEL = 0;
				GCC_PREPROCESSOR_DEFINITIONS = (
					"DEBUG=1",
					"$(inherited)",
				);
				GCC_WARN_64_TO_32_BIT_CONVERSION = YES;
				GCC_WARN_ABOUT_RETURN_TYPE = YES_ERROR;
				GCC_WARN_UNDECLARED_SELECTOR = YES;
				GCC_WARN_UNINITIALIZED_AUTOS = YES_AGGRESSIVE;
				GCC_WARN_UNUSED_FUNCTION = YES;
				GCC_WARN_UNUSED_VARIABLE = YES;
				IPHONEOS_DEPLOYMENT_TARGET = 10.1;
				MTL_ENABLE_DEBUG_INFO = YES;
				ONLY_ACTIVE_ARCH = YES;
				SDKROOT = iphoneos;
				SWIFT_ACTIVE_COMPILATION_CONDITIONS = DEBUG;
				SWIFT_OPTIMIZATION_LEVEL = "-Onone";
				TARGETED_DEVICE_FAMILY = "1,2";
			};
			name = Debug;
		};
		E593CE7C1DF8FC3C00D7265D /* Release */ = {
			isa = XCBuildConfiguration;
			buildSettings = {
				ALWAYS_SEARCH_USER_PATHS = NO;
				CLANG_ANALYZER_NONNULL = YES;
				CLANG_CXX_LANGUAGE_STANDARD = "gnu++0x";
				CLANG_CXX_LIBRARY = "libc++";
				CLANG_ENABLE_MODULES = YES;
				CLANG_ENABLE_OBJC_ARC = YES;
				CLANG_WARN_BOOL_CONVERSION = YES;
				CLANG_WARN_CONSTANT_CONVERSION = YES;
				CLANG_WARN_DIRECT_OBJC_ISA_USAGE = YES_ERROR;
				CLANG_WARN_DOCUMENTATION_COMMENTS = YES;
				CLANG_WARN_EMPTY_BODY = YES;
				CLANG_WARN_ENUM_CONVERSION = YES;
				CLANG_WARN_INFINITE_RECURSION = YES;
				CLANG_WARN_INT_CONVERSION = YES;
				CLANG_WARN_OBJC_ROOT_CLASS = YES_ERROR;
				CLANG_WARN_SUSPICIOUS_MOVES = YES;
				CLANG_WARN_UNREACHABLE_CODE = YES;
				CLANG_WARN__DUPLICATE_METHOD_MATCH = YES;
				"CODE_SIGN_IDENTITY[sdk=iphoneos*]" = "iPhone Developer";
				COPY_PHASE_STRIP = NO;
				DEBUG_INFORMATION_FORMAT = "dwarf-with-dsym";
				ENABLE_NS_ASSERTIONS = NO;
				ENABLE_STRICT_OBJC_MSGSEND = YES;
				GCC_C_LANGUAGE_STANDARD = gnu99;
				GCC_NO_COMMON_BLOCKS = YES;
				GCC_WARN_64_TO_32_BIT_CONVERSION = YES;
				GCC_WARN_ABOUT_RETURN_TYPE = YES_ERROR;
				GCC_WARN_UNDECLARED_SELECTOR = YES;
				GCC_WARN_UNINITIALIZED_AUTOS = YES_AGGRESSIVE;
				GCC_WARN_UNUSED_FUNCTION = YES;
				GCC_WARN_UNUSED_VARIABLE = YES;
				IPHONEOS_DEPLOYMENT_TARGET = 10.1;
				MTL_ENABLE_DEBUG_INFO = NO;
				SDKROOT = iphoneos;
				SWIFT_OPTIMIZATION_LEVEL = "-Owholemodule";
				TARGETED_DEVICE_FAMILY = "1,2";
				VALIDATE_PRODUCT = YES;
			};
			name = Release;
		};
		E593CE7E1DF8FC3C00D7265D /* Debug */ = {
			isa = XCBuildConfiguration;
			buildSettings = {
				ALWAYS_EMBED_SWIFT_STANDARD_LIBRARIES = YES;
				ASSETCATALOG_COMPILER_APPICON_NAME = AppIcon;
				DEVELOPMENT_TEAM = "";
				INFOPLIST_FILE = NEPacketTunnelVPNDemo/Info.plist;
				LD_RUNPATH_SEARCH_PATHS = "$(inherited) @executable_path/Frameworks";
				PRODUCT_BUNDLE_IDENTIFIER = lxd.NEPacketTunnelVPNDemo;
				PRODUCT_NAME = "$(TARGET_NAME)";
				SWIFT_VERSION = 3.0;
			};
			name = Debug;
		};
		E593CE7F1DF8FC3C00D7265D /* Release */ = {
			isa = XCBuildConfiguration;
			buildSettings = {
				ALWAYS_EMBED_SWIFT_STANDARD_LIBRARIES = YES;
				ASSETCATALOG_COMPILER_APPICON_NAME = AppIcon;
				DEVELOPMENT_TEAM = "";
				INFOPLIST_FILE = NEPacketTunnelVPNDemo/Info.plist;
				LD_RUNPATH_SEARCH_PATHS = "$(inherited) @executable_path/Frameworks";
				PRODUCT_BUNDLE_IDENTIFIER = lxd.NEPacketTunnelVPNDemo;
				PRODUCT_NAME = "$(TARGET_NAME)";
				SWIFT_VERSION = 3.0;
			};
			name = Release;
		};
		E593CEA11DF905AF00D7265D /* Debug */ = {
			isa = XCBuildConfiguration;
			buildSettings = {
				CODE_SIGN_ENTITLEMENTS = NEPacketTunnelVPNDemoTunnel/NEPacketTunnelVPNDemoTunnel.entitlements;
				DEVELOPMENT_TEAM = "";
				INFOPLIST_FILE = NEPacketTunnelVPNDemoTunnel/Info.plist;
				LD_RUNPATH_SEARCH_PATHS = "$(inherited) @executable_path/Frameworks @executable_path/../../Frameworks";
				PRODUCT_BUNDLE_IDENTIFIER = lxd.NEPacketTunnelVPNDemo.NEPacketTunnelVPNDemoTunnel;
				PRODUCT_NAME = "$(TARGET_NAME)";
				SKIP_INSTALL = YES;
				SWIFT_VERSION = 3.0;
			};
			name = Debug;
		};
		E593CEA21DF905AF00D7265D /* Release */ = {
			isa = XCBuildConfiguration;
			buildSettings = {
				CODE_SIGN_ENTITLEMENTS = NEPacketTunnelVPNDemoTunnel/NEPacketTunnelVPNDemoTunnel.entitlements;
				DEVELOPMENT_TEAM = "";
				INFOPLIST_FILE = NEPacketTunnelVPNDemoTunnel/Info.plist;
				LD_RUNPATH_SEARCH_PATHS = "$(inherited) @executable_path/Frameworks @executable_path/../../Frameworks";
				PRODUCT_BUNDLE_IDENTIFIER = lxd.NEPacketTunnelVPNDemo.NEPacketTunnelVPNDemoTunnel;
				PRODUCT_NAME = "$(TARGET_NAME)";
				SKIP_INSTALL = YES;
				SWIFT_VERSION = 3.0;
			};
			name = Release;
		};
/* End XCBuildConfiguration section */

/* Begin XCConfigurationList section */
		E593CE661DF8FC3C00D7265D /* Build configuration list for PBXProject "NEPacketTunnelVPNDemo" */ = {
			isa = XCConfigurationList;
			buildConfigurations = (
				E593CE7B1DF8FC3C00D7265D /* Debug */,
				E593CE7C1DF8FC3C00D7265D /* Release */,
			);
			defaultConfigurationIsVisible = 0;
			defaultConfigurationName = Release;
		};
		E593CE7D1DF8FC3C00D7265D /* Build configuration list for PBXNativeTarget "NEPacketTunnelVPNDemo" */ = {
			isa = XCConfigurationList;
			buildConfigurations = (
				E593CE7E1DF8FC3C00D7265D /* Debug */,
				E593CE7F1DF8FC3C00D7265D /* Release */,
			);
			defaultConfigurationIsVisible = 0;
			defaultConfigurationName = Release;
		};
		E593CEA31DF905AF00D7265D /* Build configuration list for PBXNativeTarget "NEPacketTunnelVPNDemoTunnel" */ = {
			isa = XCConfigurationList;
			buildConfigurations = (
				E593CEA11DF905AF00D7265D /* Debug */,
				E593CEA21DF905AF00D7265D /* Release */,
			);
			defaultConfigurationIsVisible = 0;
		};
/* End XCConfigurationList section */
	};
	rootObject = E593CE631DF8FC3C00D7265D /* Project object */;
}
